
Microsoft Visual Studio Solution File, Format Version 12.00
Project("{FAE04EC0-301F-11D3-BF4B-00C04F79EFBC}") = "AsistOff.MES.Gateway", "AsistOff.MES.Gateway\AsistOff.MES.Gateway.csproj", "{41149D8A-2685-4069-80B5-920D2087EFFF}"
EndProject
Project("{2150E333-8FDC-42A3-9474-1A3956D46DE8}") = "src", "src", "{4A894694-3B36-4B96-8F37-FC8EFF38052E}"
EndProject
Project("{2150E333-8FDC-42A3-9474-1A3956D46DE8}") = "tests", "tests", "{A63CC77A-8B5A-49E9-ADB4-62B153E65B0E}"
EndProject
Project("{2150E333-8FDC-42A3-9474-1A3956D46DE8}") = "entry", "entry", "{2A19449B-FC2E-4BA8-8C07-FE8F4605E15E}"
EndProject
Project("{2150E333-8FDC-42A3-9474-1A3956D46DE8}") = "modules", "modules", "{202EF629-32E3-4997-BD81-001E71B82925}"
EndProject
Project("{2150E333-8FDC-42A3-9474-1A3956D46DE8}") = "shared", "shared", "{4B189D5A-3E3A-4113-94B9-DBDBD7DF5AB6}"
EndProject
Project("{FAE04EC0-301F-11D3-BF4B-00C04F79EFBC}") = "AsistOff.MES.Shared.Abstractions", "AsistOff.MES.Shared.Abstractions\AsistOff.MES.Shared.Abstractions.csproj", "{7EDDD186-A089-4FE5-8106-4A1A8957AF43}"
EndProject
Project("{FAE04EC0-301F-11D3-BF4B-00C04F79EFBC}") = "AsistOff.MES.Shared.Infrastructure", "AsistOff.MES.Shared.Infrastructure\AsistOff.MES.Shared.Infrastructure.csproj", "{9BAD783A-5AC4-4B09-82FE-07203A381A2E}"
EndProject
Project("{2150E333-8FDC-42A3-9474-1A3956D46DE8}") = "configuration", "configuration", "{39746E38-0FAD-43A3-823D-F91ED1279D2C}"
EndProject
Project("{FAE04EC0-301F-11D3-BF4B-00C04F79EFBC}") = "AsistOff.MES.Configuration.Api", "AsistOff.MES.Configuration.Api\AsistOff.MES.Configuration.Api.csproj", "{38393BD4-CF58-4D40-B87C-4E072A0D59FD}"
EndProject
Project("{FAE04EC0-301F-11D3-BF4B-00C04F79EFBC}") = "AsistOff.MES.Configuration.Infrastructure", "AsistOff.MES.Configuration.Infrastructure\AsistOff.MES.Configuration.Infrastructure.csproj", "{673D540F-927C-42A3-8DF4-8F9090A7F267}"
EndProject
Project("{FAE04EC0-301F-11D3-BF4B-00C04F79EFBC}") = "AsistOff.MES.Configuration.Application", "AsistOff.MES.Configuration.Application\AsistOff.MES.Configuration.Application.csproj", "{8F83C3ED-1C81-4DBE-8379-53B2B42DB554}"
EndProject
Project("{FAE04EC0-301F-11D3-BF4B-00C04F79EFBC}") = "AsistOff.MES.Configuration.Core", "AsistOff.MES.Configuration.Core\AsistOff.MES.Configuration.Core.csproj", "{46AFB3BC-AD2B-4684-A980-6BCF4047EFA5}"
EndProject
Project("{FAE04EC0-301F-11D3-BF4B-00C04F79EFBC}") = "AsistOff.MES.Multitenancy", "AsistOff.MES.Multitenancy\AsistOff.MES.Multitenancy.csproj", "{76CFD9C0-EA0E-408C-AB56-6D583CF28F38}"
EndProject
Project("{2150E333-8FDC-42A3-9474-1A3956D46DE8}") = "users", "users", "{15AEC7AB-40F0-4A82-B5B7-8A72B31923CE}"
EndProject
Project("{FAE04EC0-301F-11D3-BF4B-00C04F79EFBC}") = "AsistOff.MES.Users.Api", "AsistOff.MES.Users.Api\AsistOff.MES.Users.Api.csproj", "{EB7D7616-9588-4B2D-8C0F-3D6ECDC9F00B}"
EndProject
Project("{FAE04EC0-301F-11D3-BF4B-00C04F79EFBC}") = "AsistOff.MES.Users.Infrastructure", "AsistOff.MES.Users.Infrastructure\AsistOff.MES.Users.Infrastructure.csproj", "{3ECECD77-6848-4109-AAEF-1FD19FBD3970}"
EndProject
Project("{FAE04EC0-301F-11D3-BF4B-00C04F79EFBC}") = "AsistOff.MES.Users.Application", "AsistOff.MES.Users.Application\AsistOff.MES.Users.Application.csproj", "{C4BB0BA2-E5FA-4DAD-B530-B5CFF7DE7132}"
EndProject
Project("{FAE04EC0-301F-11D3-BF4B-00C04F79EFBC}") = "AsistOff.MES.Users.Core", "AsistOff.MES.Users.Core\AsistOff.MES.Users.Core.csproj", "{E460653D-A4BB-466C-9D3D-6ED15DB831A1}"
EndProject
Project("{FAE04EC0-301F-11D3-BF4B-00C04F79EFBC}") = "AsistOff.MES.Multitenancy.Contracts", "AsistOff.MES.Multitenancy.Contracts\AsistOff.MES.Multitenancy.Contracts.csproj", "{916EDBA8-D971-4177-994E-2797291B83D4}"
EndProject
Project("{FAE04EC0-301F-11D3-BF4B-00C04F79EFBC}") = "AsistOff.MES.Shared.Tests", "tests\AsistOff.MES.Shared.Tests\AsistOff.MES.Shared.Tests.csproj", "{CBC0C59B-C60B-4726-B51D-3F9D66749746}"
EndProject
Project("{FAE04EC0-301F-11D3-BF4B-00C04F79EFBC}") = "AsistOff.MES.Production.Core", "AsistOff.MES.Production.Core\AsistOff.MES.Production.Core.csproj", "{953A5E07-2A56-4E3D-A9B8-4722FF5B1721}"
EndProject
Project("{FAE04EC0-301F-11D3-BF4B-00C04F79EFBC}") = "AsistOff.MES.Production.Application", "AsistOff.MES.Production.Application\AsistOff.MES.Production.Application.csproj", "{8FBA6D4F-D56A-4CFD-934D-C3A646BF72EB}"
EndProject
Project("{FAE04EC0-301F-11D3-BF4B-00C04F79EFBC}") = "AsistOff.MES.Production.Infrastructure", "AsistOff.MES.Production.Infrastructure\AsistOff.MES.Production.Infrastructure.csproj", "{DA13A176-BC47-4A3C-A61A-F0A62B7ADFA2}"
EndProject
Project("{FAE04EC0-301F-11D3-BF4B-00C04F79EFBC}") = "AsistOff.MES.Production.Api", "AsistOff.MES.Production.Api\AsistOff.MES.Production.Api.csproj", "{7BF088B8-F008-48F9-9475-EE908BED43C4}"
EndProject
Project("{FAE04EC0-301F-11D3-BF4B-00C04F79EFBC}") = "AsistOff.MES.Attachments.Core", "AsistOff.MES.Attachments.Core\AsistOff.MES.Attachments.Core.csproj", "{A209CB06-F709-4A00-B3CE-E7085637BBCF}"
EndProject
Project("{FAE04EC0-301F-11D3-BF4B-00C04F79EFBC}") = "AsistOff.MES.Attachments.Application", "AsistOff.MES.Attachments.Application\AsistOff.MES.Attachments.Application.csproj", "{AC3AAC31-3528-4022-97FC-369447C5AC76}"
EndProject
Project("{FAE04EC0-301F-11D3-BF4B-00C04F79EFBC}") = "AsistOff.MES.Attachments.Infrastructure", "AsistOff.MES.Attachments.Infrastructure\AsistOff.MES.Attachments.Infrastructure.csproj", "{8011B45A-0D11-4BA7-BCCF-B69D029D8317}"
EndProject
Project("{FAE04EC0-301F-11D3-BF4B-00C04F79EFBC}") = "AsistOff.MES.Attachments.Api", "AsistOff.MES.Attachments.Api\AsistOff.MES.Attachments.Api.csproj", "{864B9AAF-C980-4968-9C62-C13CDD3FD6A5}"
EndProject
Global
	GlobalSection(SolutionConfigurationPlatforms) = preSolution
		Debug|Any CPU = Debug|Any CPU
		Debug|x64 = Debug|x64
		Debug|x86 = Debug|x86
		Release|Any CPU = Release|Any CPU
		Release|x64 = Release|x64
		Release|x86 = Release|x86
	EndGlobalSection
	GlobalSection(ProjectConfigurationPlatforms) = postSolution
		{41149D8A-2685-4069-80B5-920D2087EFFF}.Debug|Any CPU.ActiveCfg = Debug|Any CPU
		{41149D8A-2685-4069-80B5-920D2087EFFF}.Debug|Any CPU.Build.0 = Debug|Any CPU
		{41149D8A-2685-4069-80B5-920D2087EFFF}.Debug|x64.ActiveCfg = Debug|Any CPU
		{41149D8A-2685-4069-80B5-920D2087EFFF}.Debug|x64.Build.0 = Debug|Any CPU
		{41149D8A-2685-4069-80B5-920D2087EFFF}.Debug|x86.ActiveCfg = Debug|Any CPU
		{41149D8A-2685-4069-80B5-920D2087EFFF}.Debug|x86.Build.0 = Debug|Any CPU
		{41149D8A-2685-4069-80B5-920D2087EFFF}.Release|Any CPU.ActiveCfg = Release|Any CPU
		{41149D8A-2685-4069-80B5-920D2087EFFF}.Release|Any CPU.Build.0 = Release|Any CPU
		{41149D8A-2685-4069-80B5-920D2087EFFF}.Release|x64.ActiveCfg = Release|Any CPU
		{41149D8A-2685-4069-80B5-920D2087EFFF}.Release|x64.Build.0 = Release|Any CPU
		{41149D8A-2685-4069-80B5-920D2087EFFF}.Release|x86.ActiveCfg = Release|Any CPU
		{41149D8A-2685-4069-80B5-920D2087EFFF}.Release|x86.Build.0 = Release|Any CPU
		{7EDDD186-A089-4FE5-8106-4A1A8957AF43}.Debug|Any CPU.ActiveCfg = Debug|Any CPU
		{7EDDD186-A089-4FE5-8106-4A1A8957AF43}.Debug|Any CPU.Build.0 = Debug|Any CPU
		{7EDDD186-A089-4FE5-8106-4A1A8957AF43}.Debug|x64.ActiveCfg = Debug|Any CPU
		{7EDDD186-A089-4FE5-8106-4A1A8957AF43}.Debug|x64.Build.0 = Debug|Any CPU
		{7EDDD186-A089-4FE5-8106-4A1A8957AF43}.Debug|x86.ActiveCfg = Debug|Any CPU
		{7EDDD186-A089-4FE5-8106-4A1A8957AF43}.Debug|x86.Build.0 = Debug|Any CPU
		{7EDDD186-A089-4FE5-8106-4A1A8957AF43}.Release|Any CPU.ActiveCfg = Release|Any CPU
		{7EDDD186-A089-4FE5-8106-4A1A8957AF43}.Release|Any CPU.Build.0 = Release|Any CPU
		{7EDDD186-A089-4FE5-8106-4A1A8957AF43}.Release|x64.ActiveCfg = Release|Any CPU
		{7EDDD186-A089-4FE5-8106-4A1A8957AF43}.Release|x64.Build.0 = Release|Any CPU
		{7EDDD186-A089-4FE5-8106-4A1A8957AF43}.Release|x86.ActiveCfg = Release|Any CPU
		{7EDDD186-A089-4FE5-8106-4A1A8957AF43}.Release|x86.Build.0 = Release|Any CPU
		{9BAD783A-5AC4-4B09-82FE-07203A381A2E}.Debug|Any CPU.ActiveCfg = Debug|Any CPU
		{9BAD783A-5AC4-4B09-82FE-07203A381A2E}.Debug|Any CPU.Build.0 = Debug|Any CPU
		{9BAD783A-5AC4-4B09-82FE-07203A381A2E}.Debug|x64.ActiveCfg = Debug|Any CPU
		{9BAD783A-5AC4-4B09-82FE-07203A381A2E}.Debug|x64.Build.0 = Debug|Any CPU
		{9BAD783A-5AC4-4B09-82FE-07203A381A2E}.Debug|x86.ActiveCfg = Debug|Any CPU
		{9BAD783A-5AC4-4B09-82FE-07203A381A2E}.Debug|x86.Build.0 = Debug|Any CPU
		{9BAD783A-5AC4-4B09-82FE-07203A381A2E}.Release|Any CPU.ActiveCfg = Release|Any CPU
		{9BAD783A-5AC4-4B09-82FE-07203A381A2E}.Release|Any CPU.Build.0 = Release|Any CPU
		{9BAD783A-5AC4-4B09-82FE-07203A381A2E}.Release|x64.ActiveCfg = Release|Any CPU
		{9BAD783A-5AC4-4B09-82FE-07203A381A2E}.Release|x64.Build.0 = Release|Any CPU
		{9BAD783A-5AC4-4B09-82FE-07203A381A2E}.Release|x86.ActiveCfg = Release|Any CPU
		{9BAD783A-5AC4-4B09-82FE-07203A381A2E}.Release|x86.Build.0 = Release|Any CPU
		{38393BD4-CF58-4D40-B87C-4E072A0D59FD}.Debug|Any CPU.ActiveCfg = Debug|Any CPU
		{38393BD4-CF58-4D40-B87C-4E072A0D59FD}.Debug|Any CPU.Build.0 = Debug|Any CPU
		{38393BD4-CF58-4D40-B87C-4E072A0D59FD}.Debug|x64.ActiveCfg = Debug|Any CPU
		{38393BD4-CF58-4D40-B87C-4E072A0D59FD}.Debug|x64.Build.0 = Debug|Any CPU
		{38393BD4-CF58-4D40-B87C-4E072A0D59FD}.Debug|x86.ActiveCfg = Debug|Any CPU
		{38393BD4-CF58-4D40-B87C-4E072A0D59FD}.Debug|x86.Build.0 = Debug|Any CPU
		{38393BD4-CF58-4D40-B87C-4E072A0D59FD}.Release|Any CPU.ActiveCfg = Release|Any CPU
		{38393BD4-CF58-4D40-B87C-4E072A0D59FD}.Release|Any CPU.Build.0 = Release|Any CPU
		{38393BD4-CF58-4D40-B87C-4E072A0D59FD}.Release|x64.ActiveCfg = Release|Any CPU
		{38393BD4-CF58-4D40-B87C-4E072A0D59FD}.Release|x64.Build.0 = Release|Any CPU
		{38393BD4-CF58-4D40-B87C-4E072A0D59FD}.Release|x86.ActiveCfg = Release|Any CPU
		{38393BD4-CF58-4D40-B87C-4E072A0D59FD}.Release|x86.Build.0 = Release|Any CPU
		{673D540F-927C-42A3-8DF4-8F9090A7F267}.Debug|Any CPU.ActiveCfg = Debug|Any CPU
		{673D540F-927C-42A3-8DF4-8F9090A7F267}.Debug|Any CPU.Build.0 = Debug|Any CPU
		{673D540F-927C-42A3-8DF4-8F9090A7F267}.Debug|x64.ActiveCfg = Debug|Any CPU
		{673D540F-927C-42A3-8DF4-8F9090A7F267}.Debug|x64.Build.0 = Debug|Any CPU
		{673D540F-927C-42A3-8DF4-8F9090A7F267}.Debug|x86.ActiveCfg = Debug|Any CPU
		{673D540F-927C-42A3-8DF4-8F9090A7F267}.Debug|x86.Build.0 = Debug|Any CPU
		{673D540F-927C-42A3-8DF4-8F9090A7F267}.Release|Any CPU.ActiveCfg = Release|Any CPU
		{673D540F-927C-42A3-8DF4-8F9090A7F267}.Release|Any CPU.Build.0 = Release|Any CPU
		{673D540F-927C-42A3-8DF4-8F9090A7F267}.Release|x64.ActiveCfg = Release|Any CPU
		{673D540F-927C-42A3-8DF4-8F9090A7F267}.Release|x64.Build.0 = Release|Any CPU
		{673D540F-927C-42A3-8DF4-8F9090A7F267}.Release|x86.ActiveCfg = Release|Any CPU
		{673D540F-927C-42A3-8DF4-8F9090A7F267}.Release|x86.Build.0 = Release|Any CPU
		{8F83C3ED-1C81-4DBE-8379-53B2B42DB554}.Debug|Any CPU.ActiveCfg = Debug|Any CPU
		{8F83C3ED-1C81-4DBE-8379-53B2B42DB554}.Debug|Any CPU.Build.0 = Debug|Any CPU
		{8F83C3ED-1C81-4DBE-8379-53B2B42DB554}.Debug|x64.ActiveCfg = Debug|Any CPU
		{8F83C3ED-1C81-4DBE-8379-53B2B42DB554}.Debug|x64.Build.0 = Debug|Any CPU
		{8F83C3ED-1C81-4DBE-8379-53B2B42DB554}.Debug|x86.ActiveCfg = Debug|Any CPU
		{8F83C3ED-1C81-4DBE-8379-53B2B42DB554}.Debug|x86.Build.0 = Debug|Any CPU
		{8F83C3ED-1C81-4DBE-8379-53B2B42DB554}.Release|Any CPU.ActiveCfg = Release|Any CPU
		{8F83C3ED-1C81-4DBE-8379-53B2B42DB554}.Release|Any CPU.Build.0 = Release|Any CPU
		{8F83C3ED-1C81-4DBE-8379-53B2B42DB554}.Release|x64.ActiveCfg = Release|Any CPU
		{8F83C3ED-1C81-4DBE-8379-53B2B42DB554}.Release|x64.Build.0 = Release|Any CPU
		{8F83C3ED-1C81-4DBE-8379-53B2B42DB554}.Release|x86.ActiveCfg = Release|Any CPU
		{8F83C3ED-1C81-4DBE-8379-53B2B42DB554}.Release|x86.Build.0 = Release|Any CPU
		{46AFB3BC-AD2B-4684-A980-6BCF4047EFA5}.Debug|Any CPU.ActiveCfg = Debug|Any CPU
		{46AFB3BC-AD2B-4684-A980-6BCF4047EFA5}.Debug|Any CPU.Build.0 = Debug|Any CPU
		{46AFB3BC-AD2B-4684-A980-6BCF4047EFA5}.Debug|x64.ActiveCfg = Debug|Any CPU
		{46AFB3BC-AD2B-4684-A980-6BCF4047EFA5}.Debug|x64.Build.0 = Debug|Any CPU
		{46AFB3BC-AD2B-4684-A980-6BCF4047EFA5}.Debug|x86.ActiveCfg = Debug|Any CPU
		{46AFB3BC-AD2B-4684-A980-6BCF4047EFA5}.Debug|x86.Build.0 = Debug|Any CPU
		{46AFB3BC-AD2B-4684-A980-6BCF4047EFA5}.Release|Any CPU.ActiveCfg = Release|Any CPU
		{46AFB3BC-AD2B-4684-A980-6BCF4047EFA5}.Release|Any CPU.Build.0 = Release|Any CPU
		{46AFB3BC-AD2B-4684-A980-6BCF4047EFA5}.Release|x64.ActiveCfg = Release|Any CPU
		{46AFB3BC-AD2B-4684-A980-6BCF4047EFA5}.Release|x64.Build.0 = Release|Any CPU
		{46AFB3BC-AD2B-4684-A980-6BCF4047EFA5}.Release|x86.ActiveCfg = Release|Any CPU
		{46AFB3BC-AD2B-4684-A980-6BCF4047EFA5}.Release|x86.Build.0 = Release|Any CPU
		{76CFD9C0-EA0E-408C-AB56-6D583CF28F38}.Debug|Any CPU.ActiveCfg = Debug|Any CPU
		{76CFD9C0-EA0E-408C-AB56-6D583CF28F38}.Debug|Any CPU.Build.0 = Debug|Any CPU
		{76CFD9C0-EA0E-408C-AB56-6D583CF28F38}.Debug|x64.ActiveCfg = Debug|Any CPU
		{76CFD9C0-EA0E-408C-AB56-6D583CF28F38}.Debug|x64.Build.0 = Debug|Any CPU
		{76CFD9C0-EA0E-408C-AB56-6D583CF28F38}.Debug|x86.ActiveCfg = Debug|Any CPU
		{76CFD9C0-EA0E-408C-AB56-6D583CF28F38}.Debug|x86.Build.0 = Debug|Any CPU
		{76CFD9C0-EA0E-408C-AB56-6D583CF28F38}.Release|Any CPU.ActiveCfg = Release|Any CPU
		{76CFD9C0-EA0E-408C-AB56-6D583CF28F38}.Release|Any CPU.Build.0 = Release|Any CPU
		{76CFD9C0-EA0E-408C-AB56-6D583CF28F38}.Release|x64.ActiveCfg = Release|Any CPU
		{76CFD9C0-EA0E-408C-AB56-6D583CF28F38}.Release|x64.Build.0 = Release|Any CPU
		{76CFD9C0-EA0E-408C-AB56-6D583CF28F38}.Release|x86.ActiveCfg = Release|Any CPU
		{76CFD9C0-EA0E-408C-AB56-6D583CF28F38}.Release|x86.Build.0 = Release|Any CPU
		{EB7D7616-9588-4B2D-8C0F-3D6ECDC9F00B}.Debug|Any CPU.ActiveCfg = Debug|Any CPU
		{EB7D7616-9588-4B2D-8C0F-3D6ECDC9F00B}.Debug|Any CPU.Build.0 = Debug|Any CPU
		{EB7D7616-9588-4B2D-8C0F-3D6ECDC9F00B}.Debug|x64.ActiveCfg = Debug|Any CPU
		{EB7D7616-9588-4B2D-8C0F-3D6ECDC9F00B}.Debug|x64.Build.0 = Debug|Any CPU
		{EB7D7616-9588-4B2D-8C0F-3D6ECDC9F00B}.Debug|x86.ActiveCfg = Debug|Any CPU
		{EB7D7616-9588-4B2D-8C0F-3D6ECDC9F00B}.Debug|x86.Build.0 = Debug|Any CPU
		{EB7D7616-9588-4B2D-8C0F-3D6ECDC9F00B}.Release|Any CPU.ActiveCfg = Release|Any CPU
		{EB7D7616-9588-4B2D-8C0F-3D6ECDC9F00B}.Release|Any CPU.Build.0 = Release|Any CPU
		{EB7D7616-9588-4B2D-8C0F-3D6ECDC9F00B}.Release|x64.ActiveCfg = Release|Any CPU
		{EB7D7616-9588-4B2D-8C0F-3D6ECDC9F00B}.Release|x64.Build.0 = Release|Any CPU
		{EB7D7616-9588-4B2D-8C0F-3D6ECDC9F00B}.Release|x86.ActiveCfg = Release|Any CPU
		{EB7D7616-9588-4B2D-8C0F-3D6ECDC9F00B}.Release|x86.Build.0 = Release|Any CPU
		{3ECECD77-6848-4109-AAEF-1FD19FBD3970}.Debug|Any CPU.ActiveCfg = Debug|Any CPU
		{3ECECD77-6848-4109-AAEF-1FD19FBD3970}.Debug|Any CPU.Build.0 = Debug|Any CPU
		{3ECECD77-6848-4109-AAEF-1FD19FBD3970}.Debug|x64.ActiveCfg = Debug|Any CPU
		{3ECECD77-6848-4109-AAEF-1FD19FBD3970}.Debug|x64.Build.0 = Debug|Any CPU
		{3ECECD77-6848-4109-AAEF-1FD19FBD3970}.Debug|x86.ActiveCfg = Debug|Any CPU
		{3ECECD77-6848-4109-AAEF-1FD19FBD3970}.Debug|x86.Build.0 = Debug|Any CPU
		{3ECECD77-6848-4109-AAEF-1FD19FBD3970}.Release|Any CPU.ActiveCfg = Release|Any CPU
		{3ECECD77-6848-4109-AAEF-1FD19FBD3970}.Release|Any CPU.Build.0 = Release|Any CPU
		{3ECECD77-6848-4109-AAEF-1FD19FBD3970}.Release|x64.ActiveCfg = Release|Any CPU
		{3ECECD77-6848-4109-AAEF-1FD19FBD3970}.Release|x64.Build.0 = Release|Any CPU
		{3ECECD77-6848-4109-AAEF-1FD19FBD3970}.Release|x86.ActiveCfg = Release|Any CPU
		{3ECECD77-6848-4109-AAEF-1FD19FBD3970}.Release|x86.Build.0 = Release|Any CPU
		{C4BB0BA2-E5FA-4DAD-B530-B5CFF7DE7132}.Debug|Any CPU.ActiveCfg = Debug|Any CPU
		{C4BB0BA2-E5FA-4DAD-B530-B5CFF7DE7132}.Debug|Any CPU.Build.0 = Debug|Any CPU
		{C4BB0BA2-E5FA-4DAD-B530-B5CFF7DE7132}.Debug|x64.ActiveCfg = Debug|Any CPU
		{C4BB0BA2-E5FA-4DAD-B530-B5CFF7DE7132}.Debug|x64.Build.0 = Debug|Any CPU
		{C4BB0BA2-E5FA-4DAD-B530-B5CFF7DE7132}.Debug|x86.ActiveCfg = Debug|Any CPU
		{C4BB0BA2-E5FA-4DAD-B530-B5CFF7DE7132}.Debug|x86.Build.0 = Debug|Any CPU
		{C4BB0BA2-E5FA-4DAD-B530-B5CFF7DE7132}.Release|Any CPU.ActiveCfg = Release|Any CPU
		{C4BB0BA2-E5FA-4DAD-B530-B5CFF7DE7132}.Release|Any CPU.Build.0 = Release|Any CPU
		{C4BB0BA2-E5FA-4DAD-B530-B5CFF7DE7132}.Release|x64.ActiveCfg = Release|Any CPU
		{C4BB0BA2-E5FA-4DAD-B530-B5CFF7DE7132}.Release|x64.Build.0 = Release|Any CPU
		{C4BB0BA2-E5FA-4DAD-B530-B5CFF7DE7132}.Release|x86.ActiveCfg = Release|Any CPU
		{C4BB0BA2-E5FA-4DAD-B530-B5CFF7DE7132}.Release|x86.Build.0 = Release|Any CPU
		{E460653D-A4BB-466C-9D3D-6ED15DB831A1}.Debug|Any CPU.ActiveCfg = Debug|Any CPU
		{E460653D-A4BB-466C-9D3D-6ED15DB831A1}.Debug|Any CPU.Build.0 = Debug|Any CPU
		{E460653D-A4BB-466C-9D3D-6ED15DB831A1}.Debug|x64.ActiveCfg = Debug|Any CPU
		{E460653D-A4BB-466C-9D3D-6ED15DB831A1}.Debug|x64.Build.0 = Debug|Any CPU
		{E460653D-A4BB-466C-9D3D-6ED15DB831A1}.Debug|x86.ActiveCfg = Debug|Any CPU
		{E460653D-A4BB-466C-9D3D-6ED15DB831A1}.Debug|x86.Build.0 = Debug|Any CPU
		{E460653D-A4BB-466C-9D3D-6ED15DB831A1}.Release|Any CPU.ActiveCfg = Release|Any CPU
		{E460653D-A4BB-466C-9D3D-6ED15DB831A1}.Release|Any CPU.Build.0 = Release|Any CPU
		{E460653D-A4BB-466C-9D3D-6ED15DB831A1}.Release|x64.ActiveCfg = Release|Any CPU
		{E460653D-A4BB-466C-9D3D-6ED15DB831A1}.Release|x64.Build.0 = Release|Any CPU
		{E460653D-A4BB-466C-9D3D-6ED15DB831A1}.Release|x86.ActiveCfg = Release|Any CPU
		{E460653D-A4BB-466C-9D3D-6ED15DB831A1}.Release|x86.Build.0 = Release|Any CPU
		{916EDBA8-D971-4177-994E-2797291B83D4}.Debug|Any CPU.ActiveCfg = Debug|Any CPU
		{916EDBA8-D971-4177-994E-2797291B83D4}.Debug|Any CPU.Build.0 = Debug|Any CPU
		{916EDBA8-D971-4177-994E-2797291B83D4}.Debug|x64.ActiveCfg = Debug|Any CPU
		{916EDBA8-D971-4177-994E-2797291B83D4}.Debug|x64.Build.0 = Debug|Any CPU
		{916EDBA8-D971-4177-994E-2797291B83D4}.Debug|x86.ActiveCfg = Debug|Any CPU
		{916EDBA8-D971-4177-994E-2797291B83D4}.Debug|x86.Build.0 = Debug|Any CPU
		{916EDBA8-D971-4177-994E-2797291B83D4}.Release|Any CPU.ActiveCfg = Release|Any CPU
		{916EDBA8-D971-4177-994E-2797291B83D4}.Release|Any CPU.Build.0 = Release|Any CPU
		{916EDBA8-D971-4177-994E-2797291B83D4}.Release|x64.ActiveCfg = Release|Any CPU
		{916EDBA8-D971-4177-994E-2797291B83D4}.Release|x64.Build.0 = Release|Any CPU
		{916EDBA8-D971-4177-994E-2797291B83D4}.Release|x86.ActiveCfg = Release|Any CPU
		{916EDBA8-D971-4177-994E-2797291B83D4}.Release|x86.Build.0 = Release|Any CPU
		{CBC0C59B-C60B-4726-B51D-3F9D66749746}.Debug|Any CPU.ActiveCfg = Debug|Any CPU
		{CBC0C59B-C60B-4726-B51D-3F9D66749746}.Debug|Any CPU.Build.0 = Debug|Any CPU
		{CBC0C59B-C60B-4726-B51D-3F9D66749746}.Debug|x64.ActiveCfg = Debug|Any CPU
		{CBC0C59B-C60B-4726-B51D-3F9D66749746}.Debug|x64.Build.0 = Debug|Any CPU
		{CBC0C59B-C60B-4726-B51D-3F9D66749746}.Debug|x86.ActiveCfg = Debug|Any CPU
		{CBC0C59B-C60B-4726-B51D-3F9D66749746}.Debug|x86.Build.0 = Debug|Any CPU
		{CBC0C59B-C60B-4726-B51D-3F9D66749746}.Release|Any CPU.ActiveCfg = Release|Any CPU
		{CBC0C59B-C60B-4726-B51D-3F9D66749746}.Release|Any CPU.Build.0 = Release|Any CPU
		{CBC0C59B-C60B-4726-B51D-3F9D66749746}.Release|x64.ActiveCfg = Release|Any CPU
		{CBC0C59B-C60B-4726-B51D-3F9D66749746}.Release|x64.Build.0 = Release|Any CPU
		{CBC0C59B-C60B-4726-B51D-3F9D66749746}.Release|x86.ActiveCfg = Release|Any CPU
		{CBC0C59B-C60B-4726-B51D-3F9D66749746}.Release|x86.Build.0 = Release|Any CPU
		{953A5E07-2A56-4E3D-A9B8-4722FF5B1721}.Debug|Any CPU.ActiveCfg = Debug|Any CPU
		{953A5E07-2A56-4E3D-A9B8-4722FF5B1721}.Debug|Any CPU.Build.0 = Debug|Any CPU
		{953A5E07-2A56-4E3D-A9B8-4722FF5B1721}.Debug|x64.ActiveCfg = Debug|Any CPU
		{953A5E07-2A56-4E3D-A9B8-4722FF5B1721}.Debug|x64.Build.0 = Debug|Any CPU
		{953A5E07-2A56-4E3D-A9B8-4722FF5B1721}.Debug|x86.ActiveCfg = Debug|Any CPU
		{953A5E07-2A56-4E3D-A9B8-4722FF5B1721}.Debug|x86.Build.0 = Debug|Any CPU
		{953A5E07-2A56-4E3D-A9B8-4722FF5B1721}.Release|Any CPU.ActiveCfg = Release|Any CPU
		{953A5E07-2A56-4E3D-A9B8-4722FF5B1721}.Release|Any CPU.Build.0 = Release|Any CPU
		{953A5E07-2A56-4E3D-A9B8-4722FF5B1721}.Release|x64.ActiveCfg = Release|Any CPU
		{953A5E07-2A56-4E3D-A9B8-4722FF5B1721}.Release|x64.Build.0 = Release|Any CPU
		{953A5E07-2A56-4E3D-A9B8-4722FF5B1721}.Release|x86.ActiveCfg = Release|Any CPU
		{953A5E07-2A56-4E3D-A9B8-4722FF5B1721}.Release|x86.Build.0 = Release|Any CPU
		{8FBA6D4F-D56A-4CFD-934D-C3A646BF72EB}.Debug|Any CPU.ActiveCfg = Debug|Any CPU
		{8FBA6D4F-D56A-4CFD-934D-C3A646BF72EB}.Debug|Any CPU.Build.0 = Debug|Any CPU
		{8FBA6D4F-D56A-4CFD-934D-C3A646BF72EB}.Debug|x64.ActiveCfg = Debug|Any CPU
		{8FBA6D4F-D56A-4CFD-934D-C3A646BF72EB}.Debug|x64.Build.0 = Debug|Any CPU
		{8FBA6D4F-D56A-4CFD-934D-C3A646BF72EB}.Debug|x86.ActiveCfg = Debug|Any CPU
		{8FBA6D4F-D56A-4CFD-934D-C3A646BF72EB}.Debug|x86.Build.0 = Debug|Any CPU
		{8FBA6D4F-D56A-4CFD-934D-C3A646BF72EB}.Release|Any CPU.ActiveCfg = Release|Any CPU
		{8FBA6D4F-D56A-4CFD-934D-C3A646BF72EB}.Release|Any CPU.Build.0 = Release|Any CPU
		{8FBA6D4F-D56A-4CFD-934D-C3A646BF72EB}.Release|x64.ActiveCfg = Release|Any CPU
		{8FBA6D4F-D56A-4CFD-934D-C3A646BF72EB}.Release|x64.Build.0 = Release|Any CPU
		{8FBA6D4F-D56A-4CFD-934D-C3A646BF72EB}.Release|x86.ActiveCfg = Release|Any CPU
		{8FBA6D4F-D56A-4CFD-934D-C3A646BF72EB}.Release|x86.Build.0 = Release|Any CPU
		{DA13A176-BC47-4A3C-A61A-F0A62B7ADFA2}.Debug|Any CPU.ActiveCfg = Debug|Any CPU
		{DA13A176-BC47-4A3C-A61A-F0A62B7ADFA2}.Debug|Any CPU.Build.0 = Debug|Any CPU
		{DA13A176-BC47-4A3C-A61A-F0A62B7ADFA2}.Debug|x64.ActiveCfg = Debug|Any CPU
		{DA13A176-BC47-4A3C-A61A-F0A62B7ADFA2}.Debug|x64.Build.0 = Debug|Any CPU
		{DA13A176-BC47-4A3C-A61A-F0A62B7ADFA2}.Debug|x86.ActiveCfg = Debug|Any CPU
		{DA13A176-BC47-4A3C-A61A-F0A62B7ADFA2}.Debug|x86.Build.0 = Debug|Any CPU
		{DA13A176-BC47-4A3C-A61A-F0A62B7ADFA2}.Release|Any CPU.ActiveCfg = Release|Any CPU
		{DA13A176-BC47-4A3C-A61A-F0A62B7ADFA2}.Release|Any CPU.Build.0 = Release|Any CPU
		{DA13A176-BC47-4A3C-A61A-F0A62B7ADFA2}.Release|x64.ActiveCfg = Release|Any CPU
		{DA13A176-BC47-4A3C-A61A-F0A62B7ADFA2}.Release|x64.Build.0 = Release|Any CPU
		{DA13A176-BC47-4A3C-A61A-F0A62B7ADFA2}.Release|x86.ActiveCfg = Release|Any CPU
		{DA13A176-BC47-4A3C-A61A-F0A62B7ADFA2}.Release|x86.Build.0 = Release|Any CPU
		{7BF088B8-F008-48F9-9475-EE908BED43C4}.Debug|Any CPU.ActiveCfg = Debug|Any CPU
		{7BF088B8-F008-48F9-9475-EE908BED43C4}.Debug|Any CPU.Build.0 = Debug|Any CPU
		{7BF088B8-F008-48F9-9475-EE908BED43C4}.Debug|x64.ActiveCfg = Debug|Any CPU
		{7BF088B8-F008-48F9-9475-EE908BED43C4}.Debug|x64.Build.0 = Debug|Any CPU
		{7BF088B8-F008-48F9-9475-EE908BED43C4}.Debug|x86.ActiveCfg = Debug|Any CPU
		{7BF088B8-F008-48F9-9475-EE908BED43C4}.Debug|x86.Build.0 = Debug|Any CPU
		{7BF088B8-F008-48F9-9475-EE908BED43C4}.Release|Any CPU.ActiveCfg = Release|Any CPU
		{7BF088B8-F008-48F9-9475-EE908BED43C4}.Release|Any CPU.Build.0 = Release|Any CPU
		{7BF088B8-F008-48F9-9475-EE908BED43C4}.Release|x64.ActiveCfg = Release|Any CPU
		{7BF088B8-F008-48F9-9475-EE908BED43C4}.Release|x64.Build.0 = Release|Any CPU
		{7BF088B8-F008-48F9-9475-EE908BED43C4}.Release|x86.ActiveCfg = Release|Any CPU
		{7BF088B8-F008-48F9-9475-EE908BED43C4}.Release|x86.Build.0 = Release|Any CPU
		{A209CB06-F709-4A00-B3CE-E7085637BBCF}.Debug|Any CPU.ActiveCfg = Debug|Any CPU
		{A209CB06-F709-4A00-B3CE-E7085637BBCF}.Debug|Any CPU.Build.0 = Debug|Any CPU
		{A209CB06-F709-4A00-B3CE-E7085637BBCF}.Debug|x64.ActiveCfg = Debug|Any CPU
		{A209CB06-F709-4A00-B3CE-E7085637BBCF}.Debug|x64.Build.0 = Debug|Any CPU
		{A209CB06-F709-4A00-B3CE-E7085637BBCF}.Debug|x86.ActiveCfg = Debug|Any CPU
		{A209CB06-F709-4A00-B3CE-E7085637BBCF}.Debug|x86.Build.0 = Debug|Any CPU
		{A209CB06-F709-4A00-B3CE-E7085637BBCF}.Release|Any CPU.ActiveCfg = Release|Any CPU
		{A209CB06-F709-4A00-B3CE-E7085637BBCF}.Release|Any CPU.Build.0 = Release|Any CPU
		{A209CB06-F709-4A00-B3CE-E7085637BBCF}.Release|x64.ActiveCfg = Release|Any CPU
		{A209CB06-F709-4A00-B3CE-E7085637BBCF}.Release|x64.Build.0 = Release|Any CPU
		{A209CB06-F709-4A00-B3CE-E7085637BBCF}.Release|x86.ActiveCfg = Release|Any CPU
		{A209CB06-F709-4A00-B3CE-E7085637BBCF}.Release|x86.Build.0 = Release|Any CPU
		{AC3AAC31-3528-4022-97FC-369447C5AC76}.Debug|Any CPU.ActiveCfg = Debug|Any CPU
		{AC3AAC31-3528-4022-97FC-369447C5AC76}.Debug|Any CPU.Build.0 = Debug|Any CPU
		{AC3AAC31-3528-4022-97FC-369447C5AC76}.Debug|x64.ActiveCfg = Debug|Any CPU
		{AC3AAC31-3528-4022-97FC-369447C5AC76}.Debug|x64.Build.0 = Debug|Any CPU
		{AC3AAC31-3528-4022-97FC-369447C5AC76}.Debug|x86.ActiveCfg = Debug|Any CPU
		{AC3AAC31-3528-4022-97FC-369447C5AC76}.Debug|x86.Build.0 = Debug|Any CPU
		{AC3AAC31-3528-4022-97FC-369447C5AC76}.Release|Any CPU.ActiveCfg = Release|Any CPU
		{AC3AAC31-3528-4022-97FC-369447C5AC76}.Release|Any CPU.Build.0 = Release|Any CPU
		{AC3AAC31-3528-4022-97FC-369447C5AC76}.Release|x64.ActiveCfg = Release|Any CPU
		{AC3AAC31-3528-4022-97FC-369447C5AC76}.Release|x64.Build.0 = Release|Any CPU
		{AC3AAC31-3528-4022-97FC-369447C5AC76}.Release|x86.ActiveCfg = Release|Any CPU
		{AC3AAC31-3528-4022-97FC-369447C5AC76}.Release|x86.Build.0 = Release|Any CPU
		{8011B45A-0D11-4BA7-BCCF-B69D029D8317}.Debug|Any CPU.ActiveCfg = Debug|Any CPU
		{8011B45A-0D11-4BA7-BCCF-B69D029D8317}.Debug|Any CPU.Build.0 = Debug|Any CPU
		{8011B45A-0D11-4BA7-BCCF-B69D029D8317}.Debug|x64.ActiveCfg = Debug|Any CPU
		{8011B45A-0D11-4BA7-BCCF-B69D029D8317}.Debug|x64.Build.0 = Debug|Any CPU
		{8011B45A-0D11-4BA7-BCCF-B69D029D8317}.Debug|x86.ActiveCfg = Debug|Any CPU
		{8011B45A-0D11-4BA7-BCCF-B69D029D8317}.Debug|x86.Build.0 = Debug|Any CPU
		{8011B45A-0D11-4BA7-BCCF-B69D029D8317}.Release|Any CPU.ActiveCfg = Release|Any CPU
		{8011B45A-0D11-4BA7-BCCF-B69D029D8317}.Release|Any CPU.Build.0 = Release|Any CPU
		{8011B45A-0D11-4BA7-BCCF-B69D029D8317}.Release|x64.ActiveCfg = Release|Any CPU
		{8011B45A-0D11-4BA7-BCCF-B69D029D8317}.Release|x64.Build.0 = Release|Any CPU
		{8011B45A-0D11-4BA7-BCCF-B69D029D8317}.Release|x86.ActiveCfg = Release|Any CPU
		{8011B45A-0D11-4BA7-BCCF-B69D029D8317}.Release|x86.Build.0 = Release|Any CPU
		{864B9AAF-C980-4968-9C62-C13CDD3FD6A5}.Debug|Any CPU.ActiveCfg = Debug|Any CPU
		{864B9AAF-C980-4968-9C62-C13CDD3FD6A5}.Debug|Any CPU.Build.0 = Debug|Any CPU
		{864B9AAF-C980-4968-9C62-C13CDD3FD6A5}.Debug|x64.ActiveCfg = Debug|Any CPU
		{864B9AAF-C980-4968-9C62-C13CDD3FD6A5}.Debug|x64.Build.0 = Debug|Any CPU
		{864B9AAF-C980-4968-9C62-C13CDD3FD6A5}.Debug|x86.ActiveCfg = Debug|Any CPU
		{864B9AAF-C980-4968-9C62-C13CDD3FD6A5}.Debug|x86.Build.0 = Debug|Any CPU
		{864B9AAF-C980-4968-9C62-C13CDD3FD6A5}.Release|Any CPU.ActiveCfg = Release|Any CPU
		{864B9AAF-C980-4968-9C62-C13CDD3FD6A5}.Release|Any CPU.Build.0 = Release|Any CPU
		{864B9AAF-C980-4968-9C62-C13CDD3FD6A5}.Release|x64.ActiveCfg = Release|Any CPU
		{864B9AAF-C980-4968-9C62-C13CDD3FD6A5}.Release|x64.Build.0 = Release|Any CPU
		{864B9AAF-C980-4968-9C62-C13CDD3FD6A5}.Release|x86.ActiveCfg = Release|Any CPU
		{864B9AAF-C980-4968-9C62-C13CDD3FD6A5}.Release|x86.Build.0 = Release|Any CPU
	EndGlobalSection
	GlobalSection(SolutionProperties) = preSolution
		HideSolutionNode = FALSE
	EndGlobalSection
	GlobalSection(NestedProjects) = preSolution
		{41149D8A-2685-4069-80B5-920D2087EFFF} = {2A19449B-FC2E-4BA8-8C07-FE8F4605E15E}
		{2A19449B-FC2E-4BA8-8C07-FE8F4605E15E} = {4A894694-3B36-4B96-8F37-FC8EFF38052E}
		{202EF629-32E3-4997-BD81-001E71B82925} = {4A894694-3B36-4B96-8F37-FC8EFF38052E}
		{4B189D5A-3E3A-4113-94B9-DBDBD7DF5AB6} = {4A894694-3B36-4B96-8F37-FC8EFF38052E}
		{7EDDD186-A089-4FE5-8106-4A1A8957AF43} = {4B189D5A-3E3A-4113-94B9-DBDBD7DF5AB6}
		{9BAD783A-5AC4-4B09-82FE-07203A381A2E} = {4B189D5A-3E3A-4113-94B9-DBDBD7DF5AB6}
		{39746E38-0FAD-43A3-823D-F91ED1279D2C} = {202EF629-32E3-4997-BD81-001E71B82925}
		{38393BD4-CF58-4D40-B87C-4E072A0D59FD} = {39746E38-0FAD-43A3-823D-F91ED1279D2C}
		{673D540F-927C-42A3-8DF4-8F9090A7F267} = {39746E38-0FAD-43A3-823D-F91ED1279D2C}
		{8F83C3ED-1C81-4DBE-8379-53B2B42DB554} = {39746E38-0FAD-43A3-823D-F91ED1279D2C}
		{46AFB3BC-AD2B-4684-A980-6BCF4047EFA5} = {39746E38-0FAD-43A3-823D-F91ED1279D2C}
		{76CFD9C0-EA0E-408C-AB56-6D583CF28F38} = {4B189D5A-3E3A-4113-94B9-DBDBD7DF5AB6}
		{15AEC7AB-40F0-4A82-B5B7-8A72B31923CE} = {202EF629-32E3-4997-BD81-001E71B82925}
		{EB7D7616-9588-4B2D-8C0F-3D6ECDC9F00B} = {15AEC7AB-40F0-4A82-B5B7-8A72B31923CE}
		{3ECECD77-6848-4109-AAEF-1FD19FBD3970} = {15AEC7AB-40F0-4A82-B5B7-8A72B31923CE}
		{C4BB0BA2-E5FA-4DAD-B530-B5CFF7DE7132} = {15AEC7AB-40F0-4A82-B5B7-8A72B31923CE}
		{E460653D-A4BB-466C-9D3D-6ED15DB831A1} = {15AEC7AB-40F0-4A82-B5B7-8A72B31923CE}
		{916EDBA8-D971-4177-994E-2797291B83D4} = {4B189D5A-3E3A-4113-94B9-DBDBD7DF5AB6}
		{CBC0C59B-C60B-4726-B51D-3F9D66749746} = {A63CC77A-8B5A-49E9-ADB4-62B153E65B0E}
	EndGlobalSection
EndGlobal
